
Microsoft Visual Studio Solution File, Format Version 12.00
# Visual Studio Version 17
VisualStudioVersion = 17.3.32901.215
MinimumVisualStudioVersion = 10.0.40219.1
Project("{9A19103F-16F7-4668-BE54-9A1E7A4F7556}") = "V - Medicals", "V - Medicals\V - Medicals.csproj", "{F74D596D-42D4-428B-B55E-BD375701CEBA}"
EndProject
Global
	GlobalSection(SolutionConfigurationPlatforms) = preSolution
		Debug|Any CPU = Debug|Any CPU
		Release|Any CPU = Release|Any CPU
	EndGlobalSection
	GlobalSection(ProjectConfigurationPlatforms) = postSolution
		{F74D596D-42D4-428B-B55E-BD375701CEBA}.Debug|Any CPU.ActiveCfg = Debug|Any CPU
		{F74D596D-42D4-428B-B55E-BD375701CEBA}.Debug|Any CPU.Build.0 = Debug|Any CPU
		{F74D596D-42D4-428B-B55E-BD375701CEBA}.Release|Any CPU.ActiveCfg = Release|Any CPU
		{F74D596D-42D4-428B-B55E-BD375701CEBA}.Release|Any CPU.Build.0 = Release|Any CPU
	EndGlobalSection
	GlobalSection(SolutionProperties) = preSolution
		HideSolutionNode = FALSE
	EndGlobalSection
	GlobalSection(ExtensibilityGlobals) = postSolution
		SolutionGuid = {7CC5B448-4585-45E1-B291-D38D8EFB61CD}
	EndGlobalSection
EndGlobal
